
Microsoft Visual Studio Solution File, Format Version 12.00
# Visual Studio 15
VisualStudioVersion = 15.0.28307.757
MinimumVisualStudioVersion = 10.0.40219.1
Project("{8BC9CEB8-8B4A-11D0-8D11-00A0C91BC942}") = "lab18", "lab18\lab18.vcxproj", "{3D3E1B22-6E84-41DE-968E-C00AF311EEEF}"
EndProject
Global
	GlobalSection(SolutionConfigurationPlatforms) = preSolution
		Debug|x64 = Debug|x64
		Debug|x86 = Debug|x86
		Release|x64 = Release|x64
		Release|x86 = Release|x86
	EndGlobalSection
	GlobalSection(ProjectConfigurationPlatforms) = postSolution
		{3D3E1B22-6E84-41DE-968E-C00AF311EEEF}.Debug|x64.ActiveCfg = Debug|x64
		{3D3E1B22-6E84-41DE-968E-C00AF311EEEF}.Debug|x64.Build.0 = Debug|x64
		{3D3E1B22-6E84-41DE-968E-C00AF311EEEF}.Debug|x86.ActiveCfg = Debug|Win32
		{3D3E1B22-6E84-41DE-968E-C00AF311EEEF}.Debug|x86.Build.0 = Debug|Win32
		{3D3E1B22-6E84-41DE-968E-C00AF311EEEF}.Release|x64.ActiveCfg = Release|x64
		{3D3E1B22-6E84-41DE-968E-C00AF311EEEF}.Release|x64.Build.0 = Release|x64
		{3D3E1B22-6E84-41DE-968E-C00AF311EEEF}.Release|x86.ActiveCfg = Release|Win32
		{3D3E1B22-6E84-41DE-968E-C00AF311EEEF}.Release|x86.Build.0 = Release|Win32
	EndGlobalSection
	GlobalSection(SolutionProperties) = preSolution
		HideSolutionNode = FALSE
	EndGlobalSection
	GlobalSection(ExtensibilityGlobals) = postSolution
		SolutionGuid = {1DD0ECDE-E888-4B36-8EE1-53842F5C5EFA}
	EndGlobalSection
EndGlobal
