
Microsoft Visual Studio Solution File, Format Version 12.00
# Visual Studio 15
VisualStudioVersion = 15.0.28307.757
MinimumVisualStudioVersion = 10.0.40219.1
Project("{8BC9CEB8-8B4A-11D0-8D11-00A0C91BC942}") = "struct1a", "struct1a\struct1a.vcxproj", "{BF80FD21-7513-41C2-A7B6-49F499F04BEB}"
EndProject
Global
	GlobalSection(SolutionConfigurationPlatforms) = preSolution
		Debug|x64 = Debug|x64
		Debug|x86 = Debug|x86
		Release|x64 = Release|x64
		Release|x86 = Release|x86
	EndGlobalSection
	GlobalSection(ProjectConfigurationPlatforms) = postSolution
		{BF80FD21-7513-41C2-A7B6-49F499F04BEB}.Debug|x64.ActiveCfg = Debug|x64
		{BF80FD21-7513-41C2-A7B6-49F499F04BEB}.Debug|x64.Build.0 = Debug|x64
		{BF80FD21-7513-41C2-A7B6-49F499F04BEB}.Debug|x86.ActiveCfg = Debug|Win32
		{BF80FD21-7513-41C2-A7B6-49F499F04BEB}.Debug|x86.Build.0 = Debug|Win32
		{BF80FD21-7513-41C2-A7B6-49F499F04BEB}.Release|x64.ActiveCfg = Release|x64
		{BF80FD21-7513-41C2-A7B6-49F499F04BEB}.Release|x64.Build.0 = Release|x64
		{BF80FD21-7513-41C2-A7B6-49F499F04BEB}.Release|x86.ActiveCfg = Release|Win32
		{BF80FD21-7513-41C2-A7B6-49F499F04BEB}.Release|x86.Build.0 = Release|Win32
	EndGlobalSection
	GlobalSection(SolutionProperties) = preSolution
		HideSolutionNode = FALSE
	EndGlobalSection
	GlobalSection(ExtensibilityGlobals) = postSolution
		SolutionGuid = {0C526041-5C91-4C7A-BF09-AC22DA831523}
	EndGlobalSection
EndGlobal
